
Microsoft Visual Studio Solution File, Format Version 12.00
# Visual Studio Version 17
VisualStudioVersion = 17.8.34322.80
MinimumVisualStudioVersion = 10.0.40219.1
Project("{FAE04EC0-301F-11D3-BF4B-00C04F79EFBC}") = "RGR", "RGR\RGR.csproj", "{5754FF1F-B4A2-4DBA-B03A-41E1A1C9A687}"
EndProject
Global
	GlobalSection(SolutionConfigurationPlatforms) = preSolution
		Debug|Any CPU = Debug|Any CPU
		Release|Any CPU = Release|Any CPU
	EndGlobalSection
	GlobalSection(ProjectConfigurationPlatforms) = postSolution
		{5754FF1F-B4A2-4DBA-B03A-41E1A1C9A687}.Debug|Any CPU.ActiveCfg = Debug|Any CPU
		{5754FF1F-B4A2-4DBA-B03A-41E1A1C9A687}.Debug|Any CPU.Build.0 = Debug|Any CPU
		{5754FF1F-B4A2-4DBA-B03A-41E1A1C9A687}.Release|Any CPU.ActiveCfg = Release|Any CPU
		{5754FF1F-B4A2-4DBA-B03A-41E1A1C9A687}.Release|Any CPU.Build.0 = Release|Any CPU
	EndGlobalSection
	GlobalSection(SolutionProperties) = preSolution
		HideSolutionNode = FALSE
	EndGlobalSection
	GlobalSection(ExtensibilityGlobals) = postSolution
		SolutionGuid = {E5862C7D-870C-4475-B738-4D201C714C20}
	EndGlobalSection
EndGlobal
